
Microsoft Visual Studio Solution File, Format Version 12.00
# Visual Studio Version 17
VisualStudioVersion = 17.7.34221.43
MinimumVisualStudioVersion = 10.0.40219.1
Project("{9A19103F-16F7-4668-BE54-9A1E7A4F7556}") = "fivemAsService", "fivemAsService.csproj", "{18F1C030-9576-41A1-A821-EB89215F327B}"
EndProject
Global
	GlobalSection(SolutionConfigurationPlatforms) = preSolution
		Debug|Any CPU = Debug|Any CPU
		Release|Any CPU = Release|Any CPU
	EndGlobalSection
	GlobalSection(ProjectConfigurationPlatforms) = postSolution
		{18F1C030-9576-41A1-A821-EB89215F327B}.Debug|Any CPU.ActiveCfg = Debug|Any CPU
		{18F1C030-9576-41A1-A821-EB89215F327B}.Debug|Any CPU.Build.0 = Debug|Any CPU
		{18F1C030-9576-41A1-A821-EB89215F327B}.Release|Any CPU.ActiveCfg = Release|Any CPU
		{18F1C030-9576-41A1-A821-EB89215F327B}.Release|Any CPU.Build.0 = Release|Any CPU
	EndGlobalSection
	GlobalSection(SolutionProperties) = preSolution
		HideSolutionNode = FALSE
	EndGlobalSection
	GlobalSection(ExtensibilityGlobals) = postSolution
		SolutionGuid = {09110F8E-6214-4C96-A62A-2CCD9C343671}
	EndGlobalSection
EndGlobal
